
Microsoft Visual Studio Solution File, Format Version 12.00
# Visual Studio 15
VisualStudioVersion = 15.0.27703.2026
MinimumVisualStudioVersion = 10.0.40219.1
Project("{FAE04EC0-301F-11D3-BF4B-00C04F79EFBC}") = "WindowsFormsApp16", "WindowsFormsApp16\WindowsFormsApp16.csproj", "{C9BB1C57-4C18-4353-863D-6B704731D8B3}"
EndProject
Global
	GlobalSection(SolutionConfigurationPlatforms) = preSolution
		Debug|Any CPU = Debug|Any CPU
		Release|Any CPU = Release|Any CPU
	EndGlobalSection
	GlobalSection(ProjectConfigurationPlatforms) = postSolution
		{C9BB1C57-4C18-4353-863D-6B704731D8B3}.Debug|Any CPU.ActiveCfg = Debug|Any CPU
		{C9BB1C57-4C18-4353-863D-6B704731D8B3}.Debug|Any CPU.Build.0 = Debug|Any CPU
		{C9BB1C57-4C18-4353-863D-6B704731D8B3}.Release|Any CPU.ActiveCfg = Release|Any CPU
		{C9BB1C57-4C18-4353-863D-6B704731D8B3}.Release|Any CPU.Build.0 = Release|Any CPU
	EndGlobalSection
	GlobalSection(SolutionProperties) = preSolution
		HideSolutionNode = FALSE
	EndGlobalSection
	GlobalSection(ExtensibilityGlobals) = postSolution
		SolutionGuid = {CDF4BB4C-F5C8-40A5-ACD6-2C178C3E6B1E}
	EndGlobalSection
EndGlobal
